
Microsoft Visual Studio Solution File, Format Version 12.00
# Visual Studio Version 16
VisualStudioVersion = 16.0.29318.209
MinimumVisualStudioVersion = 10.0.40219.1
Project("{FAE04EC0-301F-11D3-BF4B-00C04F79EFBC}") = "UmbracoTest", "UmbracoTest\UmbracoTest.csproj", "{EB7D1E48-6EC6-4541-AFE3-F84C2B7C6B97}"
EndProject
Global
	GlobalSection(SolutionConfigurationPlatforms) = preSolution
		Debug|Any CPU = Debug|Any CPU
		Release|Any CPU = Release|Any CPU
	EndGlobalSection
	GlobalSection(ProjectConfigurationPlatforms) = postSolution
		{EB7D1E48-6EC6-4541-AFE3-F84C2B7C6B97}.Debug|Any CPU.ActiveCfg = Debug|Any CPU
		{EB7D1E48-6EC6-4541-AFE3-F84C2B7C6B97}.Debug|Any CPU.Build.0 = Debug|Any CPU
		{EB7D1E48-6EC6-4541-AFE3-F84C2B7C6B97}.Release|Any CPU.ActiveCfg = Release|Any CPU
		{EB7D1E48-6EC6-4541-AFE3-F84C2B7C6B97}.Release|Any CPU.Build.0 = Release|Any CPU
	EndGlobalSection
	GlobalSection(SolutionProperties) = preSolution
		HideSolutionNode = FALSE
	EndGlobalSection
	GlobalSection(ExtensibilityGlobals) = postSolution
		SolutionGuid = {27074719-0A74-42AF-87F8-2F6915D554EA}
	EndGlobalSection
EndGlobal
